// !$*UTF8*$!
{
	archiveVersion = 1;
	classes = {
	};
	objectVersion = 55;
	objects = {

/* Begin PBXBuildFile section */
		188FC32227297C15004A5F24 /* AppDelegate.swift in Sources */ = {isa = PBXBuildFile; fileRef = 188FC32127297C15004A5F24 /* AppDelegate.swift */; };
		188FC32427297C15004A5F24 /* SceneDelegate.swift in Sources */ = {isa = PBXBuildFile; fileRef = 188FC32327297C15004A5F24 /* SceneDelegate.swift */; };
		188FC32627297C15004A5F24 /* ViewController.swift in Sources */ = {isa = PBXBuildFile; fileRef = 188FC32527297C15004A5F24 /* ViewController.swift */; };
		188FC32927297C15004A5F24 /* Main.storyboard in Resources */ = {isa = PBXBuildFile; fileRef = 188FC32727297C15004A5F24 /* Main.storyboard */; };
		188FC32B27297C18004A5F24 /* Assets.xcassets in Resources */ = {isa = PBXBuildFile; fileRef = 188FC32A27297C18004A5F24 /* Assets.xcassets */; };
		188FC32E27297C18004A5F24 /* LaunchScreen.storyboard in Resources */ = {isa = PBXBuildFile; fileRef = 188FC32C27297C18004A5F24 /* LaunchScreen.storyboard */; };
		188FC33627297DC6004A5F24 /* ServerManager.swift in Sources */ = {isa = PBXBuildFile; fileRef = 188FC33527297DC6004A5F24 /* ServerManager.swift */; };
		188FC33827298715004A5F24 /* PhotoModel.swift in Sources */ = {isa = PBXBuildFile; fileRef = 188FC33727298715004A5F24 /* PhotoModel.swift */; };
		188FC33A27298AE8004A5F24 /* PhotoCollectionViewCell.swift in Sources */ = {isa = PBXBuildFile; fileRef = 188FC33927298AE8004A5F24 /* PhotoCollectionViewCell.swift */; };
		188FC340272A5C67004A5F24 /* PopUpView.swift in Sources */ = {isa = PBXBuildFile; fileRef = 188FC33F272A5C67004A5F24 /* PopUpView.swift */; };
		188FC342272A6618004A5F24 /* ImageCacheManager.swift in Sources */ = {isa = PBXBuildFile; fileRef = 188FC341272A6618004A5F24 /* ImageCacheManager.swift */; };
/* End PBXBuildFile section */

/* Begin PBXFileReference section */
		188FC31E27297C15004A5F24 /* Gallery.app */ = {isa = PBXFileReference; explicitFileType = wrapper.application; includeInIndex = 0; path = Gallery.app; sourceTree = BUILT_PRODUCTS_DIR; };
		188FC32127297C15004A5F24 /* AppDelegate.swift */ = {isa = PBXFileReference; lastKnownFileType = sourcecode.swift; path = AppDelegate.swift; sourceTree = "<group>"; };
		188FC32327297C15004A5F24 /* SceneDelegate.swift */ = {isa = PBXFileReference; lastKnownFileType = sourcecode.swift; path = SceneDelegate.swift; sourceTree = "<group>"; };
		188FC32527297C15004A5F24 /* ViewController.swift */ = {isa = PBXFileReference; lastKnownFileType = sourcecode.swift; path = ViewController.swift; sourceTree = "<group>"; };
		188FC32827297C15004A5F24 /* Base */ = {isa = PBXFileReference; lastKnownFileType = file.storyboard; name = Base; path = Base.lproj/Main.storyboard; sourceTree = "<group>"; };
		188FC32A27297C18004A5F24 /* Assets.xcassets */ = {isa = PBXFileReference; lastKnownFileType = folder.assetcatalog; path = Assets.xcassets; sourceTree = "<group>"; };
		188FC32D27297C18004A5F24 /* Base */ = {isa = PBXFileReference; lastKnownFileType = file.storyboard; name = Base; path = Base.lproj/LaunchScreen.storyboard; sourceTree = "<group>"; };
		188FC32F27297C18004A5F24 /* Info.plist */ = {isa = PBXFileReference; lastKnownFileType = text.plist.xml; path = Info.plist; sourceTree = "<group>"; };
		188FC33527297DC6004A5F24 /* ServerManager.swift */ = {isa = PBXFileReference; lastKnownFileType = sourcecode.swift; path = ServerManager.swift; sourceTree = "<group>"; };
		188FC33727298715004A5F24 /* PhotoModel.swift */ = {isa = PBXFileReference; lastKnownFileType = sourcecode.swift; path = PhotoModel.swift; sourceTree = "<group>"; };
		188FC33927298AE8004A5F24 /* PhotoCollectionViewCell.swift */ = {isa = PBXFileReference; lastKnownFileType = sourcecode.swift; path = PhotoCollectionViewCell.swift; sourceTree = "<group>"; };
		188FC33F272A5C67004A5F24 /* PopUpView.swift */ = {isa = PBXFileReference; lastKnownFileType = sourcecode.swift; path = PopUpView.swift; sourceTree = "<group>"; };
		188FC341272A6618004A5F24 /* ImageCacheManager.swift */ = {isa = PBXFileReference; lastKnownFileType = sourcecode.swift; path = ImageCacheManager.swift; sourceTree = "<group>"; };
/* End PBXFileReference section */

/* Begin PBXFrameworksBuildPhase section */
		188FC31B27297C15004A5F24 /* Frameworks */ = {
			isa = PBXFrameworksBuildPhase;
			buildActionMask = 2147483647;
			files = (
			);
			runOnlyForDeploymentPostprocessing = 0;
		};
/* End PBXFrameworksBuildPhase section */

/* Begin PBXGroup section */
		188FC31527297C15004A5F24 = {
			isa = PBXGroup;
			children = (
				188FC32027297C15004A5F24 /* Gallery */,
				188FC31F27297C15004A5F24 /* Products */,
			);
			sourceTree = "<group>";
		};
		188FC31F27297C15004A5F24 /* Products */ = {
			isa = PBXGroup;
			children = (
				188FC31E27297C15004A5F24 /* Gallery.app */,
			);
			name = Products;
			sourceTree = "<group>";
		};
		188FC32027297C15004A5F24 /* Gallery */ = {
			isa = PBXGroup;
			children = (
				188FC32127297C15004A5F24 /* AppDelegate.swift */,
				188FC32327297C15004A5F24 /* SceneDelegate.swift */,
				188FC343272A7ADF004A5F24 /* Model */,
				188FC344272A7B07004A5F24 /* View */,
				188FC345272A7B14004A5F24 /* Controller */,
				188FC346272A7B31004A5F24 /* Network Layer */,
				188FC347272A7B4B004A5F24 /* Storyboards */,
				188FC32A27297C18004A5F24 /* Assets.xcassets */,
				188FC32F27297C18004A5F24 /* Info.plist */,
			);
			path = Gallery;
			sourceTree = "<group>";
		};
		188FC343272A7ADF004A5F24 /* Model */ = {
			isa = PBXGroup;
			children = (
				188FC33727298715004A5F24 /* PhotoModel.swift */,
			);
			path = Model;
			sourceTree = "<group>";
		};
		188FC344272A7B07004A5F24 /* View */ = {
			isa = PBXGroup;
			children = (
				188FC33927298AE8004A5F24 /* PhotoCollectionViewCell.swift */,
				188FC33F272A5C67004A5F24 /* PopUpView.swift */,
			);
			path = View;
			sourceTree = "<group>";
		};
		188FC345272A7B14004A5F24 /* Controller */ = {
			isa = PBXGroup;
			children = (
				188FC32527297C15004A5F24 /* ViewController.swift */,
			);
			path = Controller;
			sourceTree = "<group>";
		};
		188FC346272A7B31004A5F24 /* Network Layer */ = {
			isa = PBXGroup;
			children = (
				188FC33527297DC6004A5F24 /* ServerManager.swift */,
				188FC341272A6618004A5F24 /* ImageCacheManager.swift */,
			);
			path = "Network Layer";
			sourceTree = "<group>";
		};
		188FC347272A7B4B004A5F24 /* Storyboards */ = {
			isa = PBXGroup;
			children = (
				188FC32727297C15004A5F24 /* Main.storyboard */,
				188FC32C27297C18004A5F24 /* LaunchScreen.storyboard */,
			);
			path = Storyboards;
			sourceTree = "<group>";
		};
/* End PBXGroup section */

/* Begin PBXNativeTarget section */
		188FC31D27297C15004A5F24 /* Gallery */ = {
			isa = PBXNativeTarget;
			buildConfigurationList = 188FC33227297C18004A5F24 /* Build configuration list for PBXNativeTarget "Gallery" */;
			buildPhases = (
				188FC31A27297C15004A5F24 /* Sources */,
				188FC31B27297C15004A5F24 /* Frameworks */,
				188FC31C27297C15004A5F24 /* Resources */,
			);
			buildRules = (
			);
			dependencies = (
			);
			name = Gallery;
			productName = Gallery;
			productReference = 188FC31E27297C15004A5F24 /* Gallery.app */;
			productType = "com.apple.product-type.application";
		};
/* End PBXNativeTarget section */

/* Begin PBXProject section */
		188FC31627297C15004A5F24 /* Project object */ = {
			isa = PBXProject;
			attributes = {
				BuildIndependentTargetsInParallel = 1;
				LastSwiftUpdateCheck = 1300;
				LastUpgradeCheck = 1300;
				TargetAttributes = {
					188FC31D27297C15004A5F24 = {
						CreatedOnToolsVersion = 13.0;
					};
				};
			};
			buildConfigurationList = 188FC31927297C15004A5F24 /* Build configuration list for PBXProject "Gallery" */;
			compatibilityVersion = "Xcode 13.0";
			developmentRegion = en;
			hasScannedForEncodings = 0;
			knownRegions = (
				en,
				Base,
			);
			mainGroup = 188FC31527297C15004A5F24;
			productRefGroup = 188FC31F27297C15004A5F24 /* Products */;
			projectDirPath = "";
			projectRoot = "";
			targets = (
				188FC31D27297C15004A5F24 /* Gallery */,
			);
		};
/* End PBXProject section */

/* Begin PBXResourcesBuildPhase section */
		188FC31C27297C15004A5F24 /* Resources */ = {
			isa = PBXResourcesBuildPhase;
			buildActionMask = 2147483647;
			files = (
				188FC32E27297C18004A5F24 /* LaunchScreen.storyboard in Resources */,
				188FC32B27297C18004A5F24 /* Assets.xcassets in Resources */,
				188FC32927297C15004A5F24 /* Main.storyboard in Resources */,
			);
			runOnlyForDeploymentPostprocessing = 0;
		};
/* End PBXResourcesBuildPhase section */

/* Begin PBXSourcesBuildPhase section */
		188FC31A27297C15004A5F24 /* Sources */ = {
			isa = PBXSourcesBuildPhase;
			buildActionMask = 2147483647;
			files = (
				188FC33627297DC6004A5F24 /* ServerManager.swift in Sources */,
				188FC32627297C15004A5F24 /* ViewController.swift in Sources */,
				188FC342272A6618004A5F24 /* ImageCacheManager.swift in Sources */,
				188FC32227297C15004A5F24 /* AppDelegate.swift in Sources */,
				188FC33827298715004A5F24 /* PhotoModel.swift in Sources */,
				188FC32427297C15004A5F24 /* SceneDelegate.swift in Sources */,
				188FC340272A5C67004A5F24 /* PopUpView.swift in Sources */,
				188FC33A27298AE8004A5F24 /* PhotoCollectionViewCell.swift in Sources */,
			);
			runOnlyForDeploymentPostprocessing = 0;
		};
/* End PBXSourcesBuildPhase section */

/* Begin PBXVariantGroup section */
		188FC32727297C15004A5F24 /* Main.storyboard */ = {
			isa = PBXVariantGroup;
			children = (
				188FC32827297C15004A5F24 /* Base */,
			);
			name = Main.storyboard;
			sourceTree = "<group>";
		};
		188FC32C27297C18004A5F24 /* LaunchScreen.storyboard */ = {
			isa = PBXVariantGroup;
			children = (
				188FC32D27297C18004A5F24 /* Base */,
			);
			name = LaunchScreen.storyboard;
			sourceTree = "<group>";
		};
/* End PBXVariantGroup section */

/* Begin XCBuildConfiguration section */
		188FC33027297C18004A5F24 /* Debug */ = {
			isa = XCBuildConfiguration;
			buildSettings = {
				ALWAYS_SEARCH_USER_PATHS = NO;
				CLANG_ANALYZER_NONNULL = YES;
				CLANG_ANALYZER_NUMBER_OBJECT_CONVERSION = YES_AGGRESSIVE;
				CLANG_CXX_LANGUAGE_STANDARD = "gnu++17";
				CLANG_CXX_LIBRARY = "libc++";
				CLANG_ENABLE_MODULES = YES;
				CLANG_ENABLE_OBJC_ARC = YES;
				CLANG_ENABLE_OBJC_WEAK = YES;
				CLANG_WARN_BLOCK_CAPTURE_AUTORELEASING = YES;
				CLANG_WARN_BOOL_CONVERSION = YES;
				CLANG_WARN_COMMA = YES;
				CLANG_WARN_CONSTANT_CONVERSION = YES;
				CLANG_WARN_DEPRECATED_OBJC_IMPLEMENTATIONS = YES;
				CLANG_WARN_DIRECT_OBJC_ISA_USAGE = YES_ERROR;
				CLANG_WARN_DOCUMENTATION_COMMENTS = YES;
				CLANG_WARN_EMPTY_BODY = YES;
				CLANG_WARN_ENUM_CONVERSION = YES;
				CLANG_WARN_INFINITE_RECURSION = YES;
				CLANG_WARN_INT_CONVERSION = YES;
				CLANG_WARN_NON_LITERAL_NULL_CONVERSION = YES;
				CLANG_WARN_OBJC_IMPLICIT_RETAIN_SELF = YES;
				CLANG_WARN_OBJC_LITERAL_CONVERSION = YES;
				CLANG_WARN_OBJC_ROOT_CLASS = YES_ERROR;
				CLANG_WARN_QUOTED_INCLUDE_IN_FRAMEWORK_HEADER = YES;
				CLANG_WARN_RANGE_LOOP_ANALYSIS = YES;
				CLANG_WARN_STRICT_PROTOTYPES = YES;
				CLANG_WARN_SUSPICIOUS_MOVE = YES;
				CLANG_WARN_UNGUARDED_AVAILABILITY = YES_AGGRESSIVE;
				CLANG_WARN_UNREACHABLE_CODE = YES;
				CLANG_WARN__DUPLICATE_METHOD_MATCH = YES;
				COPY_PHASE_STRIP = NO;
				DEBUG_INFORMATION_FORMAT = dwarf;
				ENABLE_STRICT_OBJC_MSGSEND = YES;
				ENABLE_TESTABILITY = YES;
				GCC_C_LANGUAGE_STANDARD = gnu11;
				GCC_DYNAMIC_NO_PIC = NO;
				GCC_NO_COMMON_BLOCKS = YES;
				GCC_OPTIMIZATION_LEVEL = 0;
				GCC_PREPROCESSOR_DEFINITIONS = (
					"DEBUG=1",
					"$(inherited)",
				);
				GCC_WARN_64_TO_32_BIT_CONVERSION = YES;
				GCC_WARN_ABOUT_RETURN_TYPE = YES_ERROR;
				GCC_WARN_UNDECLARED_SELECTOR = YES;
				GCC_WARN_UNINITIALIZED_AUTOS = YES_AGGRESSIVE;
				GCC_WARN_UNUSED_FUNCTION = YES;
				GCC_WARN_UNUSED_VARIABLE = YES;
				IPHONEOS_DEPLOYMENT_TARGET = 15.0;
				MTL_ENABLE_DEBUG_INFO = INCLUDE_SOURCE;
				MTL_FAST_MATH = YES;
				ONLY_ACTIVE_ARCH = YES;
				SDKROOT = iphoneos;
				SWIFT_ACTIVE_COMPILATION_CONDITIONS = DEBUG;
				SWIFT_OPTIMIZATION_LEVEL = "-Onone";
			};
			name = Debug;
		};
		188FC33127297C18004A5F24 /* Release */ = {
			isa = XCBuildConfiguration;
			buildSettings = {
				ALWAYS_SEARCH_USER_PATHS = NO;
				CLANG_ANALYZER_NONNULL = YES;
				CLANG_ANALYZER_NUMBER_OBJECT_CONVERSION = YES_AGGRESSIVE;
				CLANG_CXX_LANGUAGE_STANDARD = "gnu++17";
				CLANG_CXX_LIBRARY = "libc++";
				CLANG_ENABLE_MODULES = YES;
				CLANG_ENABLE_OBJC_ARC = YES;
				CLANG_ENABLE_OBJC_WEAK = YES;
				CLANG_WARN_BLOCK_CAPTURE_AUTORELEASING = YES;
				CLANG_WARN_BOOL_CONVERSION = YES;
				CLANG_WARN_COMMA = YES;
				CLANG_WARN_CONSTANT_CONVERSION = YES;
				CLANG_WARN_DEPRECATED_OBJC_IMPLEMENTATIONS = YES;
				CLANG_WARN_DIRECT_OBJC_ISA_USAGE = YES_ERROR;
				CLANG_WARN_DOCUMENTATION_COMMENTS = YES;
				CLANG_WARN_EMPTY_BODY = YES;
				CLANG_WARN_ENUM_CONVERSION = YES;
				CLANG_WARN_INFINITE_RECURSION = YES;
				CLANG_WARN_INT_CONVERSION = YES;
				CLANG_WARN_NON_LITERAL_NULL_CONVERSION = YES;
				CLANG_WARN_OBJC_IMPLICIT_RETAIN_SELF = YES;
				CLANG_WARN_OBJC_LITERAL_CONVERSION = YES;
				CLANG_WARN_OBJC_ROOT_CLASS = YES_ERROR;
				CLANG_WARN_QUOTED_INCLUDE_IN_FRAMEWORK_HEADER = YES;
				CLANG_WARN_RANGE_LOOP_ANALYSIS = YES;
				CLANG_WARN_STRICT_PROTOTYPES = YES;
				CLANG_WARN_SUSPICIOUS_MOVE = YES;
				CLANG_WARN_UNGUARDED_AVAILABILITY = YES_AGGRESSIVE;
				CLANG_WARN_UNREACHABLE_CODE = YES;
				CLANG_WARN__DUPLICATE_METHOD_MATCH = YES;
				COPY_PHASE_STRIP = NO;
				DEBUG_INFORMATION_FORMAT = "dwarf-with-dsym";
				ENABLE_NS_ASSERTIONS = NO;
				ENABLE_STRICT_OBJC_MSGSEND = YES;
				GCC_C_LANGUAGE_STANDARD = gnu11;
				GCC_NO_COMMON_BLOCKS = YES;
				GCC_WARN_64_TO_32_BIT_CONVERSION = YES;
				GCC_WARN_ABOUT_RETURN_TYPE = YES_ERROR;
				GCC_WARN_UNDECLARED_SELECTOR = YES;
				GCC_WARN_UNINITIALIZED_AUTOS = YES_AGGRESSIVE;
				GCC_WARN_UNUSED_FUNCTION = YES;
				GCC_WARN_UNUSED_VARIABLE = YES;
				IPHONEOS_DEPLOYMENT_TARGET = 15.0;
				MTL_ENABLE_DEBUG_INFO = NO;
				MTL_FAST_MATH = YES;
				SDKROOT = iphoneos;
				SWIFT_COMPILATION_MODE = wholemodule;
				SWIFT_OPTIMIZATION_LEVEL = "-O";
				VALIDATE_PRODUCT = YES;
			};
			name = Release;
		};
		188FC33327297C18004A5F24 /* Debug */ = {
			isa = XCBuildConfiguration;
			buildSettings = {
				ASSETCATALOG_COMPILER_APPICON_NAME = AppIcon;
				ASSETCATALOG_COMPILER_GLOBAL_ACCENT_COLOR_NAME = AccentColor;
				CODE_SIGN_STYLE = Automatic;
				CURRENT_PROJECT_VERSION = 1;
				GENERATE_INFOPLIST_FILE = YES;
				INFOPLIST_FILE = Gallery/Info.plist;
				INFOPLIST_KEY_UIApplicationSupportsIndirectInputEvents = YES;
				INFOPLIST_KEY_UILaunchStoryboardName = LaunchScreen;
				INFOPLIST_KEY_UIMainStoryboardFile = Main;
				INFOPLIST_KEY_UISupportedInterfaceOrientations_iPad = "UIInterfaceOrientationPortrait UIInterfaceOrientationPortraitUpsideDown UIInterfaceOrientationLandscapeLeft UIInterfaceOrientationLandscapeRight";
				INFOPLIST_KEY_UISupportedInterfaceOrientations_iPhone = "UIInterfaceOrientationPortrait UIInterfaceOrientationLandscapeLeft UIInterfaceOrientationLandscapeRight";
				IPHONEOS_DEPLOYMENT_TARGET = 14.0;
				LD_RUNPATH_SEARCH_PATHS = (
					"$(inherited)",
					"@executable_path/Frameworks",
				);
				MARKETING_VERSION = 1.0;
				PRODUCT_BUNDLE_IDENTIFIER = Vrushali.Gallery;
				PRODUCT_NAME = "$(TARGET_NAME)";
				SWIFT_EMIT_LOC_STRINGS = YES;
				SWIFT_VERSION = 5.0;
				TARGETED_DEVICE_FAMILY = "1,2";
			};
			name = Debug;
		};
		188FC33427297C18004A5F24 /* Release */ = {
			isa = XCBuildConfiguration;
			buildSettings = {
				ASSETCATALOG_COMPILER_APPICON_NAME = AppIcon;
				ASSETCATALOG_COMPILER_GLOBAL_ACCENT_COLOR_NAME = AccentColor;
				CODE_SIGN_STYLE = Automatic;
				CURRENT_PROJECT_VERSION = 1;
				GENERATE_INFOPLIST_FILE = YES;
				INFOPLIST_FILE = Gallery/Info.plist;
				INFOPLIST_KEY_UIApplicationSupportsIndirectInputEvents = YES;
				INFOPLIST_KEY_UILaunchStoryboardName = LaunchScreen;
				INFOPLIST_KEY_UIMainStoryboardFile = Main;
				INFOPLIST_KEY_UISupportedInterfaceOrientations_iPad = "UIInterfaceOrientationPortrait UIInterfaceOrientationPortraitUpsideDown UIInterfaceOrientationLandscapeLeft UIInterfaceOrientationLandscapeRight";
				INFOPLIST_KEY_UISupportedInterfaceOrientations_iPhone = "UIInterfaceOrientationPortrait UIInterfaceOrientationLandscapeLeft UIInterfaceOrientationLandscapeRight";
				IPHONEOS_DEPLOYMENT_TARGET = 14.0;
				LD_RUNPATH_SEARCH_PATHS = (
					"$(inherited)",
					"@executable_path/Frameworks",
				);
				MARKETING_VERSION = 1.0;
				PRODUCT_BUNDLE_IDENTIFIER = Vrushali.Gallery;
				PRODUCT_NAME = "$(TARGET_NAME)";
				SWIFT_EMIT_LOC_STRINGS = YES;
				SWIFT_VERSION = 5.0;
				TARGETED_DEVICE_FAMILY = "1,2";
			};
			name = Release;
		};
/* End XCBuildConfiguration section */

/* Begin XCConfigurationList section */
		188FC31927297C15004A5F24 /* Build configuration list for PBXProject "Gallery" */ = {
			isa = XCConfigurationList;
			buildConfigurations = (
				188FC33027297C18004A5F24 /* Debug */,
				188FC33127297C18004A5F24 /* Release */,
			);
			defaultConfigurationIsVisible = 0;
			defaultConfigurationName = Release;
		};
		188FC33227297C18004A5F24 /* Build configuration list for PBXNativeTarget "Gallery" */ = {
			isa = XCConfigurationList;
			buildConfigurations = (
				188FC33327297C18004A5F24 /* Debug */,
				188FC33427297C18004A5F24 /* Release */,
			);
			defaultConfigurationIsVisible = 0;
			defaultConfigurationName = Release;
		};
/* End XCConfigurationList section */
	};
	rootObject = 188FC31627297C15004A5F24 /* Project object */;
}
